
Microsoft Visual Studio Solution File, Format Version 12.00
# Visual Studio 14
VisualStudioVersion = 14.0.25420.1
MinimumVisualStudioVersion = 10.0.40219.1
Project("{FAE04EC0-301F-11D3-BF4B-00C04F79EFBC}") = "FIDO.HostDetection", "FIDO.HostDetection\FIDO.HostDetection.csproj", "{6BB12460-8DA1-4D2C-B3B5-542C0BCB6BCD}"
EndProject
Project("{FAE04EC0-301F-11D3-BF4B-00C04F79EFBC}") = "FIDO.HostDetection.DHCP.DDI", "..\FIDO.HostDetection.DHCP.DDI\FIDO.HostDetection.DHCP.DDI.csproj", "{19E954FD-5C55-49A3-8987-1408F55078BE}"
EndProject
Project("{FAE04EC0-301F-11D3-BF4B-00C04F79EFBC}") = "FIDO.HostDetection.GeoIP.Maxmind", "..\FIDO.HostDetection.GeoIP\FIDO.HostDetection.GeoIP.Maxmind.csproj", "{2901B02A-6C6E-42DD-9027-4534CF033D93}"
EndProject
Project("{FAE04EC0-301F-11D3-BF4B-00C04F79EFBC}") = "FIDO.HostDetection.WhiteList", "..\FIDO.HostDetection.WhiteList\FIDO.HostDetection.WhiteList.csproj", "{EF3F45B5-E2BC-4448-B5AC-B713424E34BF}"
EndProject
Project("{FAE04EC0-301F-11D3-BF4B-00C04F79EFBC}") = "FIDO.HostDetection.VPN.F5", "..\FIDO.HostDetection.VPN\FIDO.HostDetection.VPN.F5.csproj", "{EA8A09C9-3D68-4F37-96E8-0A17A6B88DC9}"
	ProjectSection(ProjectDependencies) = postProject
		{6BB12460-8DA1-4D2C-B3B5-542C0BCB6BCD} = {6BB12460-8DA1-4D2C-B3B5-542C0BCB6BCD}
	EndProjectSection
EndProject
Global
	GlobalSection(SolutionConfigurationPlatforms) = preSolution
		Debug|Any CPU = Debug|Any CPU
		Release|Any CPU = Release|Any CPU
	EndGlobalSection
	GlobalSection(ProjectConfigurationPlatforms) = postSolution
		{6BB12460-8DA1-4D2C-B3B5-542C0BCB6BCD}.Debug|Any CPU.ActiveCfg = Debug|Any CPU
		{6BB12460-8DA1-4D2C-B3B5-542C0BCB6BCD}.Debug|Any CPU.Build.0 = Debug|Any CPU
		{6BB12460-8DA1-4D2C-B3B5-542C0BCB6BCD}.Release|Any CPU.ActiveCfg = Release|Any CPU
		{6BB12460-8DA1-4D2C-B3B5-542C0BCB6BCD}.Release|Any CPU.Build.0 = Release|Any CPU
		{19E954FD-5C55-49A3-8987-1408F55078BE}.Debug|Any CPU.ActiveCfg = Debug|Any CPU
		{19E954FD-5C55-49A3-8987-1408F55078BE}.Debug|Any CPU.Build.0 = Debug|Any CPU
		{19E954FD-5C55-49A3-8987-1408F55078BE}.Release|Any CPU.ActiveCfg = Release|Any CPU
		{19E954FD-5C55-49A3-8987-1408F55078BE}.Release|Any CPU.Build.0 = Release|Any CPU
		{2901B02A-6C6E-42DD-9027-4534CF033D93}.Debug|Any CPU.ActiveCfg = Debug|Any CPU
		{2901B02A-6C6E-42DD-9027-4534CF033D93}.Debug|Any CPU.Build.0 = Debug|Any CPU
		{2901B02A-6C6E-42DD-9027-4534CF033D93}.Release|Any CPU.ActiveCfg = Release|Any CPU
		{2901B02A-6C6E-42DD-9027-4534CF033D93}.Release|Any CPU.Build.0 = Release|Any CPU
		{EF3F45B5-E2BC-4448-B5AC-B713424E34BF}.Debug|Any CPU.ActiveCfg = Debug|Any CPU
		{EF3F45B5-E2BC-4448-B5AC-B713424E34BF}.Debug|Any CPU.Build.0 = Debug|Any CPU
		{EF3F45B5-E2BC-4448-B5AC-B713424E34BF}.Release|Any CPU.ActiveCfg = Release|Any CPU
		{EF3F45B5-E2BC-4448-B5AC-B713424E34BF}.Release|Any CPU.Build.0 = Release|Any CPU
		{EA8A09C9-3D68-4F37-96E8-0A17A6B88DC9}.Debug|Any CPU.ActiveCfg = Debug|Any CPU
		{EA8A09C9-3D68-4F37-96E8-0A17A6B88DC9}.Debug|Any CPU.Build.0 = Debug|Any CPU
		{EA8A09C9-3D68-4F37-96E8-0A17A6B88DC9}.Release|Any CPU.ActiveCfg = Release|Any CPU
		{EA8A09C9-3D68-4F37-96E8-0A17A6B88DC9}.Release|Any CPU.Build.0 = Release|Any CPU
	EndGlobalSection
	GlobalSection(SolutionProperties) = preSolution
		HideSolutionNode = FALSE
	EndGlobalSection
EndGlobal
